{
    "version": 3,
    "terraform_version": "0.11.8",
    "serial": 4,
    "lineage": "7c2c1779-1801-8a3e-ac85-17e52a8a3954",
    "modules": [
        {
            "path": [
                "root"
            ],
            "outputs": {},
            "resources": {
                "aws_instance.ubuntu.0": {
                    "type": "aws_instance",
                    "depends_on": [],
                    "primary": {
                        "id": "i-0605a2f173addfdd7",
                        "attributes": {
                            "ami": "ami-0f9cf087c1f27d9b1",
                            "arn": "arn:aws:ec2:us-east-1:401997173152:instance/i-0605a2f173addfdd7",
                            "associate_public_ip_address": "true",
                            "availability_zone": "us-east-1a",
                            "cpu_core_count": "1",
                            "cpu_threads_per_core": "1",
                            "credit_specification.#": "1",
                            "credit_specification.0.cpu_credits": "standard",
                            "disable_api_termination": "false",
                            "ebs_block_device.#": "0",
                            "ebs_optimized": "false",
                            "ephemeral_block_device.#": "0",
                            "get_password_data": "false",
                            "iam_instance_profile": "",
                            "id": "i-0605a2f173addfdd7",
                            "instance_state": "running",
                            "instance_type": "t2.micro",
                            "ipv6_addresses.#": "0",
                            "key_name": "chef",
                            "monitoring": "false",
                            "network_interface.#": "0",
                            "network_interface_id": "eni-0630763ce57c2c6d3",
                            "password_data": "",
                            "placement_group": "",
                            "primary_network_interface_id": "eni-0630763ce57c2c6d3",
                            "private_dns": "ip-172-31-80-29.ec2.internal",
                            "private_ip": "172.31.80.29",
                            "public_dns": "ec2-3-85-39-136.compute-1.amazonaws.com",
                            "public_ip": "3.85.39.136",
                            "root_block_device.#": "1",
                            "root_block_device.0.delete_on_termination": "true",
                            "root_block_device.0.iops": "100",
                            "root_block_device.0.volume_id": "vol-0488605b182bd2566",
                            "root_block_device.0.volume_size": "8",
                            "root_block_device.0.volume_type": "gp2",
                            "security_groups.#": "1",
                            "security_groups.3814588639": "default",
                            "source_dest_check": "true",
                            "subnet_id": "subnet-bd255492",
                            "tags.%": "1",
                            "tags.Name": "MSR-test-Instance-1",
                            "tenancy": "default",
                            "volume_tags.%": "0",
                            "vpc_security_group_ids.#": "1",
                            "vpc_security_group_ids.1699069570": "sg-505b9427"
                        },
                        "meta": {
                            "e2bfb730-ecaa-11e6-8f88-34363bc7c4c0": {
                                "create": 600000000000,
                                "delete": 1200000000000,
                                "update": 600000000000
                            },
                            "schema_version": "1"
                        },
                        "tainted": false
                    },
                    "deposed": [],
                    "provider": "provider.aws"
                },
                "aws_instance.ubuntu.1": {
                    "type": "aws_instance",
                    "depends_on": [],
                    "primary": {
                        "id": "i-01a6fd18b0eb60b67",
                        "attributes": {
                            "ami": "ami-0f9cf087c1f27d9b1",
                            "arn": "arn:aws:ec2:us-east-1:401997173152:instance/i-01a6fd18b0eb60b67",
                            "associate_public_ip_address": "true",
                            "availability_zone": "us-east-1a",
                            "cpu_core_count": "1",
                            "cpu_threads_per_core": "1",
                            "credit_specification.#": "1",
                            "credit_specification.0.cpu_credits": "standard",
                            "disable_api_termination": "false",
                            "ebs_block_device.#": "0",
                            "ebs_optimized": "false",
                            "ephemeral_block_device.#": "0",
                            "get_password_data": "false",
                            "iam_instance_profile": "",
                            "id": "i-01a6fd18b0eb60b67",
                            "instance_state": "running",
                            "instance_type": "t2.micro",
                            "ipv6_addresses.#": "0",
                            "key_name": "chef",
                            "monitoring": "false",
                            "network_interface.#": "0",
                            "network_interface_id": "eni-0cdcb2cf19c4e0cc7",
                            "password_data": "",
                            "placement_group": "",
                            "primary_network_interface_id": "eni-0cdcb2cf19c4e0cc7",
                            "private_dns": "ip-172-31-91-229.ec2.internal",
                            "private_ip": "172.31.91.229",
                            "public_dns": "ec2-52-91-227-197.compute-1.amazonaws.com",
                            "public_ip": "52.91.227.197",
                            "root_block_device.#": "1",
                            "root_block_device.0.delete_on_termination": "true",
                            "root_block_device.0.iops": "100",
                            "root_block_device.0.volume_id": "vol-0d3747d61cae8acaf",
                            "root_block_device.0.volume_size": "8",
                            "root_block_device.0.volume_type": "gp2",
                            "security_groups.#": "1",
                            "security_groups.3814588639": "default",
                            "source_dest_check": "true",
                            "subnet_id": "subnet-bd255492",
                            "tags.%": "1",
                            "tags.Name": "MSR-test-Instance-2",
                            "tenancy": "default",
                            "volume_tags.%": "0",
                            "vpc_security_group_ids.#": "1",
                            "vpc_security_group_ids.1699069570": "sg-505b9427"
                        },
                        "meta": {
                            "e2bfb730-ecaa-11e6-8f88-34363bc7c4c0": {
                                "create": 600000000000,
                                "delete": 1200000000000,
                                "update": 600000000000
                            },
                            "schema_version": "1"
                        },
                        "tainted": false
                    },
                    "deposed": [],
                    "provider": "provider.aws"
                }
            },
            "depends_on": []
        }
    ]
}
